
Microsoft Visual Studio Solution File, Format Version 12.00
# Visual Studio Version 16
VisualStudioVersion = 16.0.31112.23
MinimumVisualStudioVersion = 10.0.40219.1
Project("{9A19103F-16F7-4668-BE54-9A1E7A4F7556}") = "Main", "Main\Main.csproj", "{4F7FE5C2-5AA7-47E4-A04E-04D8F3E03581}"
EndProject
Project("{9A19103F-16F7-4668-BE54-9A1E7A4F7556}") = "Repository", "Repository\Repository.csproj", "{3F5F217D-C066-4462-94D9-2BB8A440DC8C}"
EndProject
Project("{9A19103F-16F7-4668-BE54-9A1E7A4F7556}") = "Models", "Models\Models.csproj", "{92327160-B305-404C-BFD3-B3976A3BCF1C}"
EndProject
Project("{9A19103F-16F7-4668-BE54-9A1E7A4F7556}") = "SocialNetwork.BLL", "Business\SocialNetwork.BLL.csproj", "{C11FE1A3-CA64-4E70-8B77-30BD07E7A294}"
EndProject
Project("{9A19103F-16F7-4668-BE54-9A1E7A4F7556}") = "ModelsDTO", "BLModels\ModelsDTO.csproj", "{420E5A53-06F3-4DBB-B1F9-80D73E878BC3}"
EndProject
Project("{2150E333-8FDC-42A3-9474-1A3956D46DE8}") = "Repository", "Repository", "{B5ADBC9D-7432-40EF-BF02-DC995F506ACA}"
EndProject
Project("{2150E333-8FDC-42A3-9474-1A3956D46DE8}") = "Business", "Business", "{E0E76DED-57BB-4933-A45C-1E113863BAD4}"
EndProject
Project("{2150E333-8FDC-42A3-9474-1A3956D46DE8}") = "Presentation", "Presentation", "{322777FA-2E65-4B86-AD2B-F38D43DE84EB}"
EndProject
Project("{9A19103F-16F7-4668-BE54-9A1E7A4F7556}") = "Mapper", "Mappers\Mapper.csproj", "{9D6F06D3-F325-4885-88DB-C5383F880F0B}"
EndProject
Project("{9A19103F-16F7-4668-BE54-9A1E7A4F7556}") = "SocialNetwork.Tests", "SocialNetwork.Tests\SocialNetwork.Tests.csproj", "{29B5FB32-E97A-4067-98C6-34ED13960A4B}"
EndProject
Global
	GlobalSection(SolutionConfigurationPlatforms) = preSolution
		Debug|Any CPU = Debug|Any CPU
		Release|Any CPU = Release|Any CPU
	EndGlobalSection
	GlobalSection(ProjectConfigurationPlatforms) = postSolution
		{4F7FE5C2-5AA7-47E4-A04E-04D8F3E03581}.Debug|Any CPU.ActiveCfg = Debug|Any CPU
		{4F7FE5C2-5AA7-47E4-A04E-04D8F3E03581}.Debug|Any CPU.Build.0 = Debug|Any CPU
		{4F7FE5C2-5AA7-47E4-A04E-04D8F3E03581}.Release|Any CPU.ActiveCfg = Release|Any CPU
		{4F7FE5C2-5AA7-47E4-A04E-04D8F3E03581}.Release|Any CPU.Build.0 = Release|Any CPU
		{3F5F217D-C066-4462-94D9-2BB8A440DC8C}.Debug|Any CPU.ActiveCfg = Debug|Any CPU
		{3F5F217D-C066-4462-94D9-2BB8A440DC8C}.Debug|Any CPU.Build.0 = Debug|Any CPU
		{3F5F217D-C066-4462-94D9-2BB8A440DC8C}.Release|Any CPU.ActiveCfg = Release|Any CPU
		{3F5F217D-C066-4462-94D9-2BB8A440DC8C}.Release|Any CPU.Build.0 = Release|Any CPU
		{92327160-B305-404C-BFD3-B3976A3BCF1C}.Debug|Any CPU.ActiveCfg = Debug|Any CPU
		{92327160-B305-404C-BFD3-B3976A3BCF1C}.Debug|Any CPU.Build.0 = Debug|Any CPU
		{92327160-B305-404C-BFD3-B3976A3BCF1C}.Release|Any CPU.ActiveCfg = Release|Any CPU
		{92327160-B305-404C-BFD3-B3976A3BCF1C}.Release|Any CPU.Build.0 = Release|Any CPU
		{C11FE1A3-CA64-4E70-8B77-30BD07E7A294}.Debug|Any CPU.ActiveCfg = Debug|Any CPU
		{C11FE1A3-CA64-4E70-8B77-30BD07E7A294}.Debug|Any CPU.Build.0 = Debug|Any CPU
		{C11FE1A3-CA64-4E70-8B77-30BD07E7A294}.Release|Any CPU.ActiveCfg = Release|Any CPU
		{C11FE1A3-CA64-4E70-8B77-30BD07E7A294}.Release|Any CPU.Build.0 = Release|Any CPU
		{420E5A53-06F3-4DBB-B1F9-80D73E878BC3}.Debug|Any CPU.ActiveCfg = Debug|Any CPU
		{420E5A53-06F3-4DBB-B1F9-80D73E878BC3}.Debug|Any CPU.Build.0 = Debug|Any CPU
		{420E5A53-06F3-4DBB-B1F9-80D73E878BC3}.Release|Any CPU.ActiveCfg = Release|Any CPU
		{420E5A53-06F3-4DBB-B1F9-80D73E878BC3}.Release|Any CPU.Build.0 = Release|Any CPU
		{9D6F06D3-F325-4885-88DB-C5383F880F0B}.Debug|Any CPU.ActiveCfg = Debug|Any CPU
		{9D6F06D3-F325-4885-88DB-C5383F880F0B}.Debug|Any CPU.Build.0 = Debug|Any CPU
		{9D6F06D3-F325-4885-88DB-C5383F880F0B}.Release|Any CPU.ActiveCfg = Release|Any CPU
		{9D6F06D3-F325-4885-88DB-C5383F880F0B}.Release|Any CPU.Build.0 = Release|Any CPU
		{29B5FB32-E97A-4067-98C6-34ED13960A4B}.Debug|Any CPU.ActiveCfg = Debug|Any CPU
		{29B5FB32-E97A-4067-98C6-34ED13960A4B}.Debug|Any CPU.Build.0 = Debug|Any CPU
		{29B5FB32-E97A-4067-98C6-34ED13960A4B}.Release|Any CPU.ActiveCfg = Release|Any CPU
		{29B5FB32-E97A-4067-98C6-34ED13960A4B}.Release|Any CPU.Build.0 = Release|Any CPU
	EndGlobalSection
	GlobalSection(SolutionProperties) = preSolution
		HideSolutionNode = FALSE
	EndGlobalSection
	GlobalSection(NestedProjects) = preSolution
		{4F7FE5C2-5AA7-47E4-A04E-04D8F3E03581} = {322777FA-2E65-4B86-AD2B-F38D43DE84EB}
		{3F5F217D-C066-4462-94D9-2BB8A440DC8C} = {B5ADBC9D-7432-40EF-BF02-DC995F506ACA}
		{92327160-B305-404C-BFD3-B3976A3BCF1C} = {B5ADBC9D-7432-40EF-BF02-DC995F506ACA}
		{C11FE1A3-CA64-4E70-8B77-30BD07E7A294} = {E0E76DED-57BB-4933-A45C-1E113863BAD4}
		{420E5A53-06F3-4DBB-B1F9-80D73E878BC3} = {E0E76DED-57BB-4933-A45C-1E113863BAD4}
	EndGlobalSection
	GlobalSection(ExtensibilityGlobals) = postSolution
		SolutionGuid = {AB655A80-F4C5-4957-A697-7DB21F24A7E8}
	EndGlobalSection
EndGlobal
